// !$*UTF8*$!
{
	archiveVersion = 1;
	classes = {
	};
	objectVersion = 46;
	objects = {

/* Begin PBXBuildFile section */
		9E2CA13F18FB0A1A009B5991 /* MURCheckinButtonItem.m in Sources */ = {isa = PBXBuildFile; fileRef = 9E2CA13E18FB0A1A009B5991 /* MURCheckinButtonItem.m */; };
		9E2CA14718FB1191009B5991 /* MURBlurView.m in Sources */ = {isa = PBXBuildFile; fileRef = 9E2CA14618FB1191009B5991 /* MURBlurView.m */; };
		9E2CA14D18FB158C009B5991 /* MURTableViewController.m in Sources */ = {isa = PBXBuildFile; fileRef = 9E2CA14C18FB158C009B5991 /* MURTableViewController.m */; };
		9E34BEA51900538A004F46A1 /* MURUser.m in Sources */ = {isa = PBXBuildFile; fileRef = 9E34BEA41900538A004F46A1 /* MURUser.m */; };
		9E34BEB119005DCB004F46A1 /* David@2x.png in Resources */ = {isa = PBXBuildFile; fileRef = 9E34BEAB19005DCB004F46A1 /* David@2x.png */; };
		9E34BEB219005DCB004F46A1 /* Erin@2x.png in Resources */ = {isa = PBXBuildFile; fileRef = 9E34BEAC19005DCB004F46A1 /* Erin@2x.png */; };
		9E34BEB319005DCB004F46A1 /* Jessica@2x.png in Resources */ = {isa = PBXBuildFile; fileRef = 9E34BEAD19005DCB004F46A1 /* Jessica@2x.png */; };
		9E34BEB419005DCB004F46A1 /* Julian@2x.png in Resources */ = {isa = PBXBuildFile; fileRef = 9E34BEAE19005DCB004F46A1 /* Julian@2x.png */; };
		9E34BEB519005DCB004F46A1 /* Louise@2x.png in Resources */ = {isa = PBXBuildFile; fileRef = 9E34BEAF19005DCB004F46A1 /* Louise@2x.png */; };
		9E34BEB619005DCB004F46A1 /* Maggie@2x.png in Resources */ = {isa = PBXBuildFile; fileRef = 9E34BEB019005DCB004F46A1 /* Maggie@2x.png */; };
		9E34BEB819006328004F46A1 /* Regina@2x.png in Resources */ = {isa = PBXBuildFile; fileRef = 9E34BEB719006328004F46A1 /* Regina@2x.png */; };
		9E4C69A318F8494100359C18 /* MURSwitcherButton.m in Sources */ = {isa = PBXBuildFile; fileRef = 9E4C69A218F8494100359C18 /* MURSwitcherButton.m */; };
		9E4C69A618F8501700359C18 /* MURSocialViewController.m in Sources */ = {isa = PBXBuildFile; fileRef = 9E4C69A518F8501700359C18 /* MURSocialViewController.m */; };
		9E4C69A918F8505C00359C18 /* MURSettingsViewController.m in Sources */ = {isa = PBXBuildFile; fileRef = 9E4C69A818F8505C00359C18 /* MURSettingsViewController.m */; };
		9E5EB71B190604FE009691A0 /* Joel@2x.png in Resources */ = {isa = PBXBuildFile; fileRef = 9E5EB71A190604FE009691A0 /* Joel@2x.png */; };
		9E6602C51901C32900299A8E /* CheckIn@2x.png in Resources */ = {isa = PBXBuildFile; fileRef = 9E6602BE1901C32900299A8E /* CheckIn@2x.png */; };
		9E6602C61901C32900299A8E /* Dining@2x.png in Resources */ = {isa = PBXBuildFile; fileRef = 9E6602BF1901C32900299A8E /* Dining@2x.png */; };
		9E6602C71901C32900299A8E /* Logo@2x.png in Resources */ = {isa = PBXBuildFile; fileRef = 9E6602C01901C32900299A8E /* Logo@2x.png */; };
		9E6602C81901C32900299A8E /* Menu@2x.png in Resources */ = {isa = PBXBuildFile; fileRef = 9E6602C11901C32900299A8E /* Menu@2x.png */; };
		9E6602C91901C32900299A8E /* Profile@2x.png in Resources */ = {isa = PBXBuildFile; fileRef = 9E6602C21901C32900299A8E /* Profile@2x.png */; };
		9E6602CA1901C32900299A8E /* Settings@2x.png in Resources */ = {isa = PBXBuildFile; fileRef = 9E6602C31901C32900299A8E /* Settings@2x.png */; };
		9E6602CB1901C32900299A8E /* Social@2x.png in Resources */ = {isa = PBXBuildFile; fileRef = 9E6602C41901C32900299A8E /* Social@2x.png */; };
		9E6602D01901C32D00299A8E /* David.txt in Resources */ = {isa = PBXBuildFile; fileRef = 9E6602CD1901C32D00299A8E /* David.txt */; };
		9E6602D11901C32D00299A8E /* Erin.txt in Resources */ = {isa = PBXBuildFile; fileRef = 9E6602CE1901C32D00299A8E /* Erin.txt */; };
		9E6602D21901C32D00299A8E /* Regina.txt in Resources */ = {isa = PBXBuildFile; fileRef = 9E6602CF1901C32D00299A8E /* Regina.txt */; };
		9E6602D51901CC0B00299A8E /* MURPlace.m in Sources */ = {isa = PBXBuildFile; fileRef = 9E6602D41901CC0B00299A8E /* MURPlace.m */; };
		9E6602DB1901D70F00299A8E /* Commons.txt in Resources */ = {isa = PBXBuildFile; fileRef = 9E6602D71901D70F00299A8E /* Commons.txt */; };
		9E6602DC1901D70F00299A8E /* Danforth.txt in Resources */ = {isa = PBXBuildFile; fileRef = 9E6602D81901D70F00299A8E /* Danforth.txt */; };
		9E6602DD1901D70F00299A8E /* Douglass.txt in Resources */ = {isa = PBXBuildFile; fileRef = 9E6602D91901D70F00299A8E /* Douglass.txt */; };
		9E6602DE1901D70F00299A8E /* Starbucks.txt in Resources */ = {isa = PBXBuildFile; fileRef = 9E6602DA1901D70F00299A8E /* Starbucks.txt */; };
		9E6602E31901D71A00299A8E /* Commons@2x.png in Resources */ = {isa = PBXBuildFile; fileRef = 9E6602DF1901D71A00299A8E /* Commons@2x.png */; };
		9E6602E41901D71A00299A8E /* Danforth@2x.png in Resources */ = {isa = PBXBuildFile; fileRef = 9E6602E01901D71A00299A8E /* Danforth@2x.png */; };
		9E6602E51901D71A00299A8E /* Douglass@2x.png in Resources */ = {isa = PBXBuildFile; fileRef = 9E6602E11901D71A00299A8E /* Douglass@2x.png */; };
		9E6602E61901D71A00299A8E /* Starbucks@2x.png in Resources */ = {isa = PBXBuildFile; fileRef = 9E6602E21901D71A00299A8E /* Starbucks@2x.png */; };
		9E6602EB1901DD8200299A8E /* Jessica.txt in Resources */ = {isa = PBXBuildFile; fileRef = 9E6602E81901DD8200299A8E /* Jessica.txt */; };
		9E6602EC1901DD8200299A8E /* Joel.txt in Resources */ = {isa = PBXBuildFile; fileRef = 9E6602E91901DD8200299A8E /* Joel.txt */; };
		9E6DE50A18E614B700E27AC2 /* Foundation.framework in Frameworks */ = {isa = PBXBuildFile; fileRef = 9E6DE50918E614B700E27AC2 /* Foundation.framework */; };
		9E6DE50C18E614B700E27AC2 /* CoreGraphics.framework in Frameworks */ = {isa = PBXBuildFile; fileRef = 9E6DE50B18E614B700E27AC2 /* CoreGraphics.framework */; };
		9E6DE50E18E614B700E27AC2 /* UIKit.framework in Frameworks */ = {isa = PBXBuildFile; fileRef = 9E6DE50D18E614B700E27AC2 /* UIKit.framework */; };
		9E6DE51418E614B700E27AC2 /* InfoPlist.strings in Resources */ = {isa = PBXBuildFile; fileRef = 9E6DE51218E614B700E27AC2 /* InfoPlist.strings */; };
		9E6DE51618E614B700E27AC2 /* main.m in Sources */ = {isa = PBXBuildFile; fileRef = 9E6DE51518E614B700E27AC2 /* main.m */; };
		9E6DE51A18E614B700E27AC2 /* MURAppDelegate.m in Sources */ = {isa = PBXBuildFile; fileRef = 9E6DE51918E614B700E27AC2 /* MURAppDelegate.m */; };
		9E6DE52318E614B700E27AC2 /* XCTest.framework in Frameworks */ = {isa = PBXBuildFile; fileRef = 9E6DE52218E614B700E27AC2 /* XCTest.framework */; };
		9E6DE52418E614B700E27AC2 /* Foundation.framework in Frameworks */ = {isa = PBXBuildFile; fileRef = 9E6DE50918E614B700E27AC2 /* Foundation.framework */; };
		9E6DE52518E614B700E27AC2 /* UIKit.framework in Frameworks */ = {isa = PBXBuildFile; fileRef = 9E6DE50D18E614B700E27AC2 /* UIKit.framework */; };
		9E6DE52D18E614B700E27AC2 /* InfoPlist.strings in Resources */ = {isa = PBXBuildFile; fileRef = 9E6DE52B18E614B700E27AC2 /* InfoPlist.strings */; };
		9E6DE52F18E614B700E27AC2 /* PlaceMatTests.m in Sources */ = {isa = PBXBuildFile; fileRef = 9E6DE52E18E614B700E27AC2 /* PlaceMatTests.m */; };
		9E9D9C5C18EF611900E3713F /* MURDiningViewController.m in Sources */ = {isa = PBXBuildFile; fileRef = 9E9D9C5B18EF611900E3713F /* MURDiningViewController.m */; };
		9E9E148A1906F85B00403B9A /* Cheeseburger Pie.png in Resources */ = {isa = PBXBuildFile; fileRef = 9E9E14841906F85B00403B9A /* Cheeseburger Pie.png */; };
		9E9E148C1906F85B00403B9A /* Loaded Potato Soup.png in Resources */ = {isa = PBXBuildFile; fileRef = 9E9E14861906F85B00403B9A /* Loaded Potato Soup.png */; };
		9E9E148D1906F85B00403B9A /* Quinoa and Red Pepper Slider.png in Resources */ = {isa = PBXBuildFile; fileRef = 9E9E14871906F85B00403B9A /* Quinoa and Red Pepper Slider.png */; };
		9E9E148E1906F85B00403B9A /* Seasoned Roast Beef.png in Resources */ = {isa = PBXBuildFile; fileRef = 9E9E14881906F85B00403B9A /* Seasoned Roast Beef.png */; };
		9E9E148F1906F85B00403B9A /* Tofu and Veggie Teriyaki.png in Resources */ = {isa = PBXBuildFile; fileRef = 9E9E14891906F85B00403B9A /* Tofu and Veggie Teriyaki.png */; };
		9E9E1491190724FF00403B9A /* Nutrition@2x.png in Resources */ = {isa = PBXBuildFile; fileRef = 9E9E1490190724FF00403B9A /* Nutrition@2x.png */; };
		9E9F3CDF1906BA0A002B80E0 /* Connections.txt in Resources */ = {isa = PBXBuildFile; fileRef = 9E9F3CDE1906BA0A002B80E0 /* Connections.txt */; };
		9E9F3CE11906BA0F002B80E0 /* Meliora.txt in Resources */ = {isa = PBXBuildFile; fileRef = 9E9F3CE01906BA0F002B80E0 /* Meliora.txt */; };
		9E9F3CE31906BA12002B80E0 /* Pura Vida.txt in Resources */ = {isa = PBXBuildFile; fileRef = 9E9F3CE21906BA12002B80E0 /* Pura Vida.txt */; };
		9E9F3CE51906BA1C002B80E0 /* Connections@2x.png in Resources */ = {isa = PBXBuildFile; fileRef = 9E9F3CE41906BA1C002B80E0 /* Connections@2x.png */; };
		9E9F3CE81906BA21002B80E0 /* Pura Vida@2x.png in Resources */ = {isa = PBXBuildFile; fileRef = 9E9F3CE61906BA21002B80E0 /* Pura Vida@2x.png */; };
		9E9F3CE91906BA21002B80E0 /* Meliora@2x.png in Resources */ = {isa = PBXBuildFile; fileRef = 9E9F3CE71906BA21002B80E0 /* Meliora@2x.png */; };
		9E9F3CF21906C37F002B80E0 /* MURPlaceViewController.m in Sources */ = {isa = PBXBuildFile; fileRef = 9E9F3CF11906C37F002B80E0 /* MURPlaceViewController.m */; };
		9E9F3D181906C76B002B80E0 /* Cheese Pizza.png in Resources */ = {isa = PBXBuildFile; fileRef = 9E9F3CF51906C76B002B80E0 /* Cheese Pizza.png */; };
		9E9F3D191906C76B002B80E0 /* Greek Chicken Pita.png in Resources */ = {isa = PBXBuildFile; fileRef = 9E9F3CF61906C76B002B80E0 /* Greek Chicken Pita.png */; };
		9E9F3D1A1906C76B002B80E0 /* Hot Dog.png in Resources */ = {isa = PBXBuildFile; fileRef = 9E9F3CF71906C76B002B80E0 /* Hot Dog.png */; };
		9E9F3D1B1906C76B002B80E0 /* Pepperoni Pizza.png in Resources */ = {isa = PBXBuildFile; fileRef = 9E9F3CF81906C76B002B80E0 /* Pepperoni Pizza.png */; };
		9E9F3D1C1906C76B002B80E0 /* Philly Cheesesteak.png in Resources */ = {isa = PBXBuildFile; fileRef = 9E9F3CF91906C76B002B80E0 /* Philly Cheesesteak.png */; };
		9E9F3D1D1906C76B002B80E0 /* Beef Barley Soup.png in Resources */ = {isa = PBXBuildFile; fileRef = 9E9F3CFB1906C76B002B80E0 /* Beef Barley Soup.png */; };
		9E9F3D1E1906C76B002B80E0 /* Cheddar Scallion Bagel.png in Resources */ = {isa = PBXBuildFile; fileRef = 9E9F3CFC1906C76B002B80E0 /* Cheddar Scallion Bagel.png */; };
		9E9F3D1F1906C76B002B80E0 /* Chocolate Chunk Scone.png in Resources */ = {isa = PBXBuildFile; fileRef = 9E9F3CFD1906C76B002B80E0 /* Chocolate Chunk Scone.png */; };
		9E9F3D201906C76B002B80E0 /* Hot Cocoa.png in Resources */ = {isa = PBXBuildFile; fileRef = 9E9F3CFE1906C76B002B80E0 /* Hot Cocoa.png */; };
		9E9F3D211906C76B002B80E0 /* Strawberry Smoothie.png in Resources */ = {isa = PBXBuildFile; fileRef = 9E9F3CFF1906C76B002B80E0 /* Strawberry Smoothie.png */; };
		9E9F3D221906C76B002B80E0 /* California Turkey Sandwich.png in Resources */ = {isa = PBXBuildFile; fileRef = 9E9F3D011906C76B002B80E0 /* California Turkey Sandwich.png */; };
		9E9F3D231906C76B002B80E0 /* Chicken Quesadillas.png in Resources */ = {isa = PBXBuildFile; fileRef = 9E9F3D021906C76B002B80E0 /* Chicken Quesadillas.png */; };
		9E9F3D241906C76B002B80E0 /* Egg Salsa Burrito.png in Resources */ = {isa = PBXBuildFile; fileRef = 9E9F3D031906C76B002B80E0 /* Egg Salsa Burrito.png */; };
		9E9F3D251906C76B002B80E0 /* Southwest Sweet Potatoes.png in Resources */ = {isa = PBXBuildFile; fileRef = 9E9F3D041906C76B002B80E0 /* Southwest Sweet Potatoes.png */; };
		9E9F3D261906C76B002B80E0 /* Vegetarian Parmesan Wheat Pita.png in Resources */ = {isa = PBXBuildFile; fileRef = 9E9F3D051906C76B002B80E0 /* Vegetarian Parmesan Wheat Pita.png */; };
		9E9F3D271906C76B002B80E0 /* Italian Sausage.png in Resources */ = {isa = PBXBuildFile; fileRef = 9E9F3D071906C76B002B80E0 /* Italian Sausage.png */; };
		9E9F3D281906C76B002B80E0 /* Mel Burger.png in Resources */ = {isa = PBXBuildFile; fileRef = 9E9F3D081906C76B002B80E0 /* Mel Burger.png */; };
		9E9F3D291906C76B002B80E0 /* Meliora Veggie Burger.png in Resources */ = {isa = PBXBuildFile; fileRef = 9E9F3D091906C76B002B80E0 /* Meliora Veggie Burger.png */; };
		9E9F3D2A1906C76B002B80E0 /* Poutine.png in Resources */ = {isa = PBXBuildFile; fileRef = 9E9F3D0A1906C76B002B80E0 /* Poutine.png */; };
		9E9F3D2B1906C76B002B80E0 /* Toasted Cheese & Tomato.png in Resources */ = {isa = PBXBuildFile; fileRef = 9E9F3D0B1906C76B002B80E0 /* Toasted Cheese & Tomato.png */; };
		9E9F3D2C1906C76B002B80E0 /* Blueberry Cheese Croissant.png in Resources */ = {isa = PBXBuildFile; fileRef = 9E9F3D0D1906C76B002B80E0 /* Blueberry Cheese Croissant.png */; };
		9E9F3D2D1906C76B002B80E0 /* Blueberry Scone.png in Resources */ = {isa = PBXBuildFile; fileRef = 9E9F3D0E1906C76B002B80E0 /* Blueberry Scone.png */; };
		9E9F3D2E1906C76B002B80E0 /* Bold Roast Coffee.png in Resources */ = {isa = PBXBuildFile; fileRef = 9E9F3D0F1906C76B002B80E0 /* Bold Roast Coffee.png */; };
		9E9F3D2F1906C76B002B80E0 /* Egg & Cheese Muffin.png in Resources */ = {isa = PBXBuildFile; fileRef = 9E9F3D101906C76B002B80E0 /* Egg & Cheese Muffin.png */; };
		9E9F3D301906C76B002B80E0 /* Homestyle M&M Cookie.png in Resources */ = {isa = PBXBuildFile; fileRef = 9E9F3D111906C76B002B80E0 /* Homestyle M&M Cookie.png */; };
		9E9F3D311906C76B002B80E0 /* Caramel Macchiato.png in Resources */ = {isa = PBXBuildFile; fileRef = 9E9F3D131906C76B002B80E0 /* Caramel Macchiato.png */; };
		9E9F3D321906C76B002B80E0 /* Cheesecake Brownie.png in Resources */ = {isa = PBXBuildFile; fileRef = 9E9F3D141906C76B002B80E0 /* Cheesecake Brownie.png */; };
		9E9F3D331906C76B002B80E0 /* Chocolate Marble Cake.png in Resources */ = {isa = PBXBuildFile; fileRef = 9E9F3D151906C76B002B80E0 /* Chocolate Marble Cake.png */; };
		9E9F3D341906C76B002B80E0 /* Green Tea Latte.png in Resources */ = {isa = PBXBuildFile; fileRef = 9E9F3D161906C76B002B80E0 /* Green Tea Latte.png */; };
		9E9F3D351906C76B002B80E0 /* Ham & Swiss Panini.png in Resources */ = {isa = PBXBuildFile; fileRef = 9E9F3D171906C76B002B80E0 /* Ham & Swiss Panini.png */; };
		9EC81F361905D9720016B822 /* MURFirstRunViewController.m in Sources */ = {isa = PBXBuildFile; fileRef = 9EC81F351905D9720016B822 /* MURFirstRunViewController.m */; };
		9EFA649218E6174300B9A095 /* MURNavigationController.m in Sources */ = {isa = PBXBuildFile; fileRef = 9EFA649118E6174300B9A095 /* MURNavigationController.m */; };
		9EFA649518E617E200B9A095 /* MURProfileViewController.m in Sources */ = {isa = PBXBuildFile; fileRef = 9EFA649418E617E200B9A095 /* MURProfileViewController.m */; };
		9EFA649818E6180300B9A095 /* MURTheme.m in Sources */ = {isa = PBXBuildFile; fileRef = 9EFA649718E6180300B9A095 /* MURTheme.m */; };
		9EFA649B18E61B2200B9A095 /* MURBarSwitcherItem.m in Sources */ = {isa = PBXBuildFile; fileRef = 9EFA649A18E61B2200B9A095 /* MURBarSwitcherItem.m */; };
		9EFA64A618E61E7100B9A095 /* Images.xcassets in Resources */ = {isa = PBXBuildFile; fileRef = 9EFA64A518E61E7100B9A095 /* Images.xcassets */; };
/* End PBXBuildFile section */

/* Begin PBXContainerItemProxy section */
		9E6DE52618E614B700E27AC2 /* PBXContainerItemProxy */ = {
			isa = PBXContainerItemProxy;
			containerPortal = 9E6DE4FE18E614B700E27AC2 /* Project object */;
			proxyType = 1;
			remoteGlobalIDString = 9E6DE50518E614B700E27AC2;
			remoteInfo = PlaceMat;
		};
/* End PBXContainerItemProxy section */

/* Begin PBXFileReference section */
		9E2CA13D18FB0A1A009B5991 /* MURCheckinButtonItem.h */ = {isa = PBXFileReference; fileEncoding = 4; lastKnownFileType = sourcecode.c.h; path = MURCheckinButtonItem.h; sourceTree = "<group>"; };
		9E2CA13E18FB0A1A009B5991 /* MURCheckinButtonItem.m */ = {isa = PBXFileReference; fileEncoding = 4; lastKnownFileType = sourcecode.c.objc; path = MURCheckinButtonItem.m; sourceTree = "<group>"; };
		9E2CA14518FB1191009B5991 /* MURBlurView.h */ = {isa = PBXFileReference; fileEncoding = 4; lastKnownFileType = sourcecode.c.h; path = MURBlurView.h; sourceTree = "<group>"; };
		9E2CA14618FB1191009B5991 /* MURBlurView.m */ = {isa = PBXFileReference; fileEncoding = 4; lastKnownFileType = sourcecode.c.objc; path = MURBlurView.m; sourceTree = "<group>"; };
		9E2CA14B18FB158C009B5991 /* MURTableViewController.h */ = {isa = PBXFileReference; fileEncoding = 4; lastKnownFileType = sourcecode.c.h; path = MURTableViewController.h; sourceTree = "<group>"; };
		9E2CA14C18FB158C009B5991 /* MURTableViewController.m */ = {isa = PBXFileReference; fileEncoding = 4; lastKnownFileType = sourcecode.c.objc; path = MURTableViewController.m; sourceTree = "<group>"; };
		9E34BEA31900538A004F46A1 /* MURUser.h */ = {isa = PBXFileReference; fileEncoding = 4; lastKnownFileType = sourcecode.c.h; path = MURUser.h; sourceTree = "<group>"; };
		9E34BEA41900538A004F46A1 /* MURUser.m */ = {isa = PBXFileReference; fileEncoding = 4; lastKnownFileType = sourcecode.c.objc; path = MURUser.m; sourceTree = "<group>"; };
		9E34BEAB19005DCB004F46A1 /* David@2x.png */ = {isa = PBXFileReference; lastKnownFileType = image.png; path = "David@2x.png"; sourceTree = "<group>"; };
		9E34BEAC19005DCB004F46A1 /* Erin@2x.png */ = {isa = PBXFileReference; lastKnownFileType = image.png; path = "Erin@2x.png"; sourceTree = "<group>"; };
		9E34BEAD19005DCB004F46A1 /* Jessica@2x.png */ = {isa = PBXFileReference; lastKnownFileType = image.png; path = "Jessica@2x.png"; sourceTree = "<group>"; };
		9E34BEAE19005DCB004F46A1 /* Julian@2x.png */ = {isa = PBXFileReference; lastKnownFileType = image.png; path = "Julian@2x.png"; sourceTree = "<group>"; };
		9E34BEAF19005DCB004F46A1 /* Louise@2x.png */ = {isa = PBXFileReference; lastKnownFileType = image.png; path = "Louise@2x.png"; sourceTree = "<group>"; };
		9E34BEB019005DCB004F46A1 /* Maggie@2x.png */ = {isa = PBXFileReference; lastKnownFileType = image.png; path = "Maggie@2x.png"; sourceTree = "<group>"; };
		9E34BEB719006328004F46A1 /* Regina@2x.png */ = {isa = PBXFileReference; lastKnownFileType = image.png; path = "Regina@2x.png"; sourceTree = "<group>"; };
		9E4C69A118F8494100359C18 /* MURSwitcherButton.h */ = {isa = PBXFileReference; fileEncoding = 4; lastKnownFileType = sourcecode.c.h; path = MURSwitcherButton.h; sourceTree = "<group>"; };
		9E4C69A218F8494100359C18 /* MURSwitcherButton.m */ = {isa = PBXFileReference; fileEncoding = 4; lastKnownFileType = sourcecode.c.objc; path = MURSwitcherButton.m; sourceTree = "<group>"; };
		9E4C69A418F8501700359C18 /* MURSocialViewController.h */ = {isa = PBXFileReference; fileEncoding = 4; lastKnownFileType = sourcecode.c.h; path = MURSocialViewController.h; sourceTree = "<group>"; };
		9E4C69A518F8501700359C18 /* MURSocialViewController.m */ = {isa = PBXFileReference; fileEncoding = 4; lastKnownFileType = sourcecode.c.objc; path = MURSocialViewController.m; sourceTree = "<group>"; };
		9E4C69A718F8505C00359C18 /* MURSettingsViewController.h */ = {isa = PBXFileReference; fileEncoding = 4; lastKnownFileType = sourcecode.c.h; path = MURSettingsViewController.h; sourceTree = "<group>"; };
		9E4C69A818F8505C00359C18 /* MURSettingsViewController.m */ = {isa = PBXFileReference; fileEncoding = 4; lastKnownFileType = sourcecode.c.objc; path = MURSettingsViewController.m; sourceTree = "<group>"; };
		9E5EB71A190604FE009691A0 /* Joel@2x.png */ = {isa = PBXFileReference; lastKnownFileType = image.png; path = "Joel@2x.png"; sourceTree = "<group>"; };
		9E6602BE1901C32900299A8E /* CheckIn@2x.png */ = {isa = PBXFileReference; lastKnownFileType = image.png; path = "CheckIn@2x.png"; sourceTree = "<group>"; };
		9E6602BF1901C32900299A8E /* Dining@2x.png */ = {isa = PBXFileReference; lastKnownFileType = image.png; path = "Dining@2x.png"; sourceTree = "<group>"; };
		9E6602C01901C32900299A8E /* Logo@2x.png */ = {isa = PBXFileReference; lastKnownFileType = image.png; path = "Logo@2x.png"; sourceTree = "<group>"; };
		9E6602C11901C32900299A8E /* Menu@2x.png */ = {isa = PBXFileReference; lastKnownFileType = image.png; path = "Menu@2x.png"; sourceTree = "<group>"; };
		9E6602C21901C32900299A8E /* Profile@2x.png */ = {isa = PBXFileReference; lastKnownFileType = image.png; path = "Profile@2x.png"; sourceTree = "<group>"; };
		9E6602C31901C32900299A8E /* Settings@2x.png */ = {isa = PBXFileReference; lastKnownFileType = image.png; path = "Settings@2x.png"; sourceTree = "<group>"; };
		9E6602C41901C32900299A8E /* Social@2x.png */ = {isa = PBXFileReference; lastKnownFileType = image.png; path = "Social@2x.png"; sourceTree = "<group>"; };
		9E6602CD1901C32D00299A8E /* David.txt */ = {isa = PBXFileReference; fileEncoding = 4; lastKnownFileType = text; path = David.txt; sourceTree = "<group>"; };
		9E6602CE1901C32D00299A8E /* Erin.txt */ = {isa = PBXFileReference; fileEncoding = 4; lastKnownFileType = text; path = Erin.txt; sourceTree = "<group>"; };
		9E6602CF1901C32D00299A8E /* Regina.txt */ = {isa = PBXFileReference; fileEncoding = 4; lastKnownFileType = text; path = Regina.txt; sourceTree = "<group>"; };
		9E6602D31901CC0B00299A8E /* MURPlace.h */ = {isa = PBXFileReference; fileEncoding = 4; lastKnownFileType = sourcecode.c.h; path = MURPlace.h; sourceTree = "<group>"; };
		9E6602D41901CC0B00299A8E /* MURPlace.m */ = {isa = PBXFileReference; fileEncoding = 4; lastKnownFileType = sourcecode.c.objc; path = MURPlace.m; sourceTree = "<group>"; };
		9E6602D71901D70F00299A8E /* Commons.txt */ = {isa = PBXFileReference; fileEncoding = 4; lastKnownFileType = text; path = Commons.txt; sourceTree = "<group>"; };
		9E6602D81901D70F00299A8E /* Danforth.txt */ = {isa = PBXFileReference; fileEncoding = 4; lastKnownFileType = text; path = Danforth.txt; sourceTree = "<group>"; };
		9E6602D91901D70F00299A8E /* Douglass.txt */ = {isa = PBXFileReference; fileEncoding = 4; lastKnownFileType = text; path = Douglass.txt; sourceTree = "<group>"; };
		9E6602DA1901D70F00299A8E /* Starbucks.txt */ = {isa = PBXFileReference; fileEncoding = 4; lastKnownFileType = text; path = Starbucks.txt; sourceTree = "<group>"; };
		9E6602DF1901D71A00299A8E /* Commons@2x.png */ = {isa = PBXFileReference; lastKnownFileType = image.png; path = "Commons@2x.png"; sourceTree = "<group>"; };
		9E6602E01901D71A00299A8E /* Danforth@2x.png */ = {isa = PBXFileReference; lastKnownFileType = image.png; path = "Danforth@2x.png"; sourceTree = "<group>"; };
		9E6602E11901D71A00299A8E /* Douglass@2x.png */ = {isa = PBXFileReference; lastKnownFileType = image.png; path = "Douglass@2x.png"; sourceTree = "<group>"; };
		9E6602E21901D71A00299A8E /* Starbucks@2x.png */ = {isa = PBXFileReference; lastKnownFileType = image.png; path = "Starbucks@2x.png"; sourceTree = "<group>"; };
		9E6602E81901DD8200299A8E /* Jessica.txt */ = {isa = PBXFileReference; fileEncoding = 4; lastKnownFileType = text; path = Jessica.txt; sourceTree = "<group>"; };
		9E6602E91901DD8200299A8E /* Joel.txt */ = {isa = PBXFileReference; fileEncoding = 4; lastKnownFileType = text; path = Joel.txt; sourceTree = "<group>"; };
		9E6DE50618E614B700E27AC2 /* PlaceMat.app */ = {isa = PBXFileReference; explicitFileType = wrapper.application; includeInIndex = 0; path = PlaceMat.app; sourceTree = BUILT_PRODUCTS_DIR; };
		9E6DE50918E614B700E27AC2 /* Foundation.framework */ = {isa = PBXFileReference; lastKnownFileType = wrapper.framework; name = Foundation.framework; path = System/Library/Frameworks/Foundation.framework; sourceTree = SDKROOT; };
		9E6DE50B18E614B700E27AC2 /* CoreGraphics.framework */ = {isa = PBXFileReference; lastKnownFileType = wrapper.framework; name = CoreGraphics.framework; path = System/Library/Frameworks/CoreGraphics.framework; sourceTree = SDKROOT; };
		9E6DE50D18E614B700E27AC2 /* UIKit.framework */ = {isa = PBXFileReference; lastKnownFileType = wrapper.framework; name = UIKit.framework; path = System/Library/Frameworks/UIKit.framework; sourceTree = SDKROOT; };
		9E6DE51118E614B700E27AC2 /* PlaceMat-Info.plist */ = {isa = PBXFileReference; lastKnownFileType = text.plist.xml; path = "PlaceMat-Info.plist"; sourceTree = "<group>"; };
		9E6DE51318E614B700E27AC2 /* en */ = {isa = PBXFileReference; lastKnownFileType = text.plist.strings; name = en; path = en.lproj/InfoPlist.strings; sourceTree = "<group>"; };
		9E6DE51518E614B700E27AC2 /* main.m */ = {isa = PBXFileReference; lastKnownFileType = sourcecode.c.objc; path = main.m; sourceTree = "<group>"; };
		9E6DE51718E614B700E27AC2 /* PlaceMat-Prefix.pch */ = {isa = PBXFileReference; lastKnownFileType = sourcecode.c.h; path = "PlaceMat-Prefix.pch"; sourceTree = "<group>"; };
		9E6DE51818E614B700E27AC2 /* MURAppDelegate.h */ = {isa = PBXFileReference; lastKnownFileType = sourcecode.c.h; path = MURAppDelegate.h; sourceTree = "<group>"; };
		9E6DE51918E614B700E27AC2 /* MURAppDelegate.m */ = {isa = PBXFileReference; lastKnownFileType = sourcecode.c.objc; path = MURAppDelegate.m; sourceTree = "<group>"; };
		9E6DE52118E614B700E27AC2 /* PlaceMatTests.xctest */ = {isa = PBXFileReference; explicitFileType = wrapper.cfbundle; includeInIndex = 0; path = PlaceMatTests.xctest; sourceTree = BUILT_PRODUCTS_DIR; };
		9E6DE52218E614B700E27AC2 /* XCTest.framework */ = {isa = PBXFileReference; lastKnownFileType = wrapper.framework; name = XCTest.framework; path = Library/Frameworks/XCTest.framework; sourceTree = DEVELOPER_DIR; };
		9E6DE52A18E614B700E27AC2 /* PlaceMatTests-Info.plist */ = {isa = PBXFileReference; lastKnownFileType = text.plist.xml; path = "PlaceMatTests-Info.plist"; sourceTree = "<group>"; };
		9E6DE52C18E614B700E27AC2 /* en */ = {isa = PBXFileReference; lastKnownFileType = text.plist.strings; name = en; path = en.lproj/InfoPlist.strings; sourceTree = "<group>"; };
		9E6DE52E18E614B700E27AC2 /* PlaceMatTests.m */ = {isa = PBXFileReference; lastKnownFileType = sourcecode.c.objc; path = PlaceMatTests.m; sourceTree = "<group>"; };
		9E9D9C5A18EF611900E3713F /* MURDiningViewController.h */ = {isa = PBXFileReference; fileEncoding = 4; lastKnownFileType = sourcecode.c.h; path = MURDiningViewController.h; sourceTree = "<group>"; };
		9E9D9C5B18EF611900E3713F /* MURDiningViewController.m */ = {isa = PBXFileReference; fileEncoding = 4; lastKnownFileType = sourcecode.c.objc; path = MURDiningViewController.m; sourceTree = "<group>"; };
		9E9E14841906F85B00403B9A /* Cheeseburger Pie.png */ = {isa = PBXFileReference; lastKnownFileType = image.png; path = "Cheeseburger Pie.png"; sourceTree = "<group>"; };
		9E9E14861906F85B00403B9A /* Loaded Potato Soup.png */ = {isa = PBXFileReference; lastKnownFileType = image.png; path = "Loaded Potato Soup.png"; sourceTree = "<group>"; };
		9E9E14871906F85B00403B9A /* Quinoa and Red Pepper Slider.png */ = {isa = PBXFileReference; lastKnownFileType = image.png; path = "Quinoa and Red Pepper Slider.png"; sourceTree = "<group>"; };
		9E9E14881906F85B00403B9A /* Seasoned Roast Beef.png */ = {isa = PBXFileReference; lastKnownFileType = image.png; path = "Seasoned Roast Beef.png"; sourceTree = "<group>"; };
		9E9E14891906F85B00403B9A /* Tofu and Veggie Teriyaki.png */ = {isa = PBXFileReference; lastKnownFileType = image.png; path = "Tofu and Veggie Teriyaki.png"; sourceTree = "<group>"; };
		9E9E1490190724FF00403B9A /* Nutrition@2x.png */ = {isa = PBXFileReference; lastKnownFileType = image.png; path = "Nutrition@2x.png"; sourceTree = "<group>"; };
		9E9F3CDE1906BA0A002B80E0 /* Connections.txt */ = {isa = PBXFileReference; fileEncoding = 4; lastKnownFileType = text; path = Connections.txt; sourceTree = "<group>"; };
		9E9F3CE01906BA0F002B80E0 /* Meliora.txt */ = {isa = PBXFileReference; fileEncoding = 4; lastKnownFileType = text; path = Meliora.txt; sourceTree = "<group>"; };
		9E9F3CE21906BA12002B80E0 /* Pura Vida.txt */ = {isa = PBXFileReference; fileEncoding = 4; lastKnownFileType = text; path = "Pura Vida.txt"; sourceTree = "<group>"; };
		9E9F3CE41906BA1C002B80E0 /* Connections@2x.png */ = {isa = PBXFileReference; lastKnownFileType = image.png; path = "Connections@2x.png"; sourceTree = "<group>"; };
		9E9F3CE61906BA21002B80E0 /* Pura Vida@2x.png */ = {isa = PBXFileReference; lastKnownFileType = image.png; path = "Pura Vida@2x.png"; sourceTree = "<group>"; };
		9E9F3CE71906BA21002B80E0 /* Meliora@2x.png */ = {isa = PBXFileReference; lastKnownFileType = image.png; path = "Meliora@2x.png"; sourceTree = "<group>"; };
		9E9F3CF01906C37F002B80E0 /* MURPlaceViewController.h */ = {isa = PBXFileReference; fileEncoding = 4; lastKnownFileType = sourcecode.c.h; path = MURPlaceViewController.h; sourceTree = "<group>"; };
		9E9F3CF11906C37F002B80E0 /* MURPlaceViewController.m */ = {isa = PBXFileReference; fileEncoding = 4; lastKnownFileType = sourcecode.c.objc; path = MURPlaceViewController.m; sourceTree = "<group>"; };
		9E9F3CF51906C76B002B80E0 /* Cheese Pizza.png */ = {isa = PBXFileReference; lastKnownFileType = image.png; path = "Cheese Pizza.png"; sourceTree = "<group>"; };
		9E9F3CF61906C76B002B80E0 /* Greek Chicken Pita.png */ = {isa = PBXFileReference; lastKnownFileType = image.png; path = "Greek Chicken Pita.png"; sourceTree = "<group>"; };
		9E9F3CF71906C76B002B80E0 /* Hot Dog.png */ = {isa = PBXFileReference; lastKnownFileType = image.png; path = "Hot Dog.png"; sourceTree = "<group>"; };
		9E9F3CF81906C76B002B80E0 /* Pepperoni Pizza.png */ = {isa = PBXFileReference; lastKnownFileType = image.png; path = "Pepperoni Pizza.png"; sourceTree = "<group>"; };
		9E9F3CF91906C76B002B80E0 /* Philly Cheesesteak.png */ = {isa = PBXFileReference; lastKnownFileType = image.png; path = "Philly Cheesesteak.png"; sourceTree = "<group>"; };
		9E9F3CFB1906C76B002B80E0 /* Beef Barley Soup.png */ = {isa = PBXFileReference; lastKnownFileType = image.png; path = "Beef Barley Soup.png"; sourceTree = "<group>"; };
		9E9F3CFC1906C76B002B80E0 /* Cheddar Scallion Bagel.png */ = {isa = PBXFileReference; lastKnownFileType = image.png; path = "Cheddar Scallion Bagel.png"; sourceTree = "<group>"; };
		9E9F3CFD1906C76B002B80E0 /* Chocolate Chunk Scone.png */ = {isa = PBXFileReference; lastKnownFileType = image.png; path = "Chocolate Chunk Scone.png"; sourceTree = "<group>"; };
		9E9F3CFE1906C76B002B80E0 /* Hot Cocoa.png */ = {isa = PBXFileReference; lastKnownFileType = image.png; path = "Hot Cocoa.png"; sourceTree = "<group>"; };
		9E9F3CFF1906C76B002B80E0 /* Strawberry Smoothie.png */ = {isa = PBXFileReference; lastKnownFileType = image.png; path = "Strawberry Smoothie.png"; sourceTree = "<group>"; };
		9E9F3D011906C76B002B80E0 /* California Turkey Sandwich.png */ = {isa = PBXFileReference; lastKnownFileType = image.png; path = "California Turkey Sandwich.png"; sourceTree = "<group>"; };
		9E9F3D021906C76B002B80E0 /* Chicken Quesadillas.png */ = {isa = PBXFileReference; lastKnownFileType = image.png; path = "Chicken Quesadillas.png"; sourceTree = "<group>"; };
		9E9F3D031906C76B002B80E0 /* Egg Salsa Burrito.png */ = {isa = PBXFileReference; lastKnownFileType = image.png; path = "Egg Salsa Burrito.png"; sourceTree = "<group>"; };
		9E9F3D041906C76B002B80E0 /* Southwest Sweet Potatoes.png */ = {isa = PBXFileReference; lastKnownFileType = image.png; path = "Southwest Sweet Potatoes.png"; sourceTree = "<group>"; };
		9E9F3D051906C76B002B80E0 /* Vegetarian Parmesan Wheat Pita.png */ = {isa = PBXFileReference; lastKnownFileType = image.png; path = "Vegetarian Parmesan Wheat Pita.png"; sourceTree = "<group>"; };
		9E9F3D071906C76B002B80E0 /* Italian Sausage.png */ = {isa = PBXFileReference; lastKnownFileType = image.png; path = "Italian Sausage.png"; sourceTree = "<group>"; };
		9E9F3D081906C76B002B80E0 /* Mel Burger.png */ = {isa = PBXFileReference; lastKnownFileType = image.png; path = "Mel Burger.png"; sourceTree = "<group>"; };
		9E9F3D091906C76B002B80E0 /* Meliora Veggie Burger.png */ = {isa = PBXFileReference; lastKnownFileType = image.png; path = "Meliora Veggie Burger.png"; sourceTree = "<group>"; };
		9E9F3D0A1906C76B002B80E0 /* Poutine.png */ = {isa = PBXFileReference; lastKnownFileType = image.png; path = Poutine.png; sourceTree = "<group>"; };
		9E9F3D0B1906C76B002B80E0 /* Toasted Cheese & Tomato.png */ = {isa = PBXFileReference; lastKnownFileType = image.png; path = "Toasted Cheese & Tomato.png"; sourceTree = "<group>"; };
		9E9F3D0D1906C76B002B80E0 /* Blueberry Cheese Croissant.png */ = {isa = PBXFileReference; lastKnownFileType = image.png; path = "Blueberry Cheese Croissant.png"; sourceTree = "<group>"; };
		9E9F3D0E1906C76B002B80E0 /* Blueberry Scone.png */ = {isa = PBXFileReference; lastKnownFileType = image.png; path = "Blueberry Scone.png"; sourceTree = "<group>"; };
		9E9F3D0F1906C76B002B80E0 /* Bold Roast Coffee.png */ = {isa = PBXFileReference; lastKnownFileType = image.png; path = "Bold Roast Coffee.png"; sourceTree = "<group>"; };
		9E9F3D101906C76B002B80E0 /* Egg & Cheese Muffin.png */ = {isa = PBXFileReference; lastKnownFileType = image.png; path = "Egg & Cheese Muffin.png"; sourceTree = "<group>"; };
		9E9F3D111906C76B002B80E0 /* Homestyle M&M Cookie.png */ = {isa = PBXFileReference; lastKnownFileType = image.png; path = "Homestyle M&M Cookie.png"; sourceTree = "<group>"; };
		9E9F3D131906C76B002B80E0 /* Caramel Macchiato.png */ = {isa = PBXFileReference; lastKnownFileType = image.png; path = "Caramel Macchiato.png"; sourceTree = "<group>"; };
		9E9F3D141906C76B002B80E0 /* Cheesecake Brownie.png */ = {isa = PBXFileReference; lastKnownFileType = image.png; path = "Cheesecake Brownie.png"; sourceTree = "<group>"; };
		9E9F3D151906C76B002B80E0 /* Chocolate Marble Cake.png */ = {isa = PBXFileReference; lastKnownFileType = image.png; path = "Chocolate Marble Cake.png"; sourceTree = "<group>"; };
		9E9F3D161906C76B002B80E0 /* Green Tea Latte.png */ = {isa = PBXFileReference; lastKnownFileType = image.png; path = "Green Tea Latte.png"; sourceTree = "<group>"; };
		9E9F3D171906C76B002B80E0 /* Ham & Swiss Panini.png */ = {isa = PBXFileReference; lastKnownFileType = image.png; path = "Ham & Swiss Panini.png"; sourceTree = "<group>"; };
		9EC81F341905D9720016B822 /* MURFirstRunViewController.h */ = {isa = PBXFileReference; fileEncoding = 4; lastKnownFileType = sourcecode.c.h; path = MURFirstRunViewController.h; sourceTree = "<group>"; };
		9EC81F351905D9720016B822 /* MURFirstRunViewController.m */ = {isa = PBXFileReference; fileEncoding = 4; lastKnownFileType = sourcecode.c.objc; path = MURFirstRunViewController.m; sourceTree = "<group>"; };
		9EFA649018E6174300B9A095 /* MURNavigationController.h */ = {isa = PBXFileReference; fileEncoding = 4; lastKnownFileType = sourcecode.c.h; path = MURNavigationController.h; sourceTree = "<group>"; };
		9EFA649118E6174300B9A095 /* MURNavigationController.m */ = {isa = PBXFileReference; fileEncoding = 4; lastKnownFileType = sourcecode.c.objc; path = MURNavigationController.m; sourceTree = "<group>"; };
		9EFA649318E617E200B9A095 /* MURProfileViewController.h */ = {isa = PBXFileReference; fileEncoding = 4; lastKnownFileType = sourcecode.c.h; path = MURProfileViewController.h; sourceTree = "<group>"; };
		9EFA649418E617E200B9A095 /* MURProfileViewController.m */ = {isa = PBXFileReference; fileEncoding = 4; lastKnownFileType = sourcecode.c.objc; path = MURProfileViewController.m; sourceTree = "<group>"; };
		9EFA649618E6180300B9A095 /* MURTheme.h */ = {isa = PBXFileReference; fileEncoding = 4; lastKnownFileType = sourcecode.c.h; path = MURTheme.h; sourceTree = "<group>"; };
		9EFA649718E6180300B9A095 /* MURTheme.m */ = {isa = PBXFileReference; fileEncoding = 4; lastKnownFileType = sourcecode.c.objc; path = MURTheme.m; sourceTree = "<group>"; };
		9EFA649918E61B2200B9A095 /* MURBarSwitcherItem.h */ = {isa = PBXFileReference; fileEncoding = 4; lastKnownFileType = sourcecode.c.h; path = MURBarSwitcherItem.h; sourceTree = "<group>"; };
		9EFA649A18E61B2200B9A095 /* MURBarSwitcherItem.m */ = {isa = PBXFileReference; fileEncoding = 4; lastKnownFileType = sourcecode.c.objc; path = MURBarSwitcherItem.m; sourceTree = "<group>"; };
		9EFA64A518E61E7100B9A095 /* Images.xcassets */ = {isa = PBXFileReference; lastKnownFileType = folder.assetcatalog; path = Images.xcassets; sourceTree = "<group>"; };
/* End PBXFileReference section */

/* Begin PBXFrameworksBuildPhase section */
		9E6DE50318E614B700E27AC2 /* Frameworks */ = {
			isa = PBXFrameworksBuildPhase;
			buildActionMask = 2147483647;
			files = (
				9E6DE50C18E614B700E27AC2 /* CoreGraphics.framework in Frameworks */,
				9E6DE50E18E614B700E27AC2 /* UIKit.framework in Frameworks */,
				9E6DE50A18E614B700E27AC2 /* Foundation.framework in Frameworks */,
			);
			runOnlyForDeploymentPostprocessing = 0;
		};
		9E6DE51E18E614B700E27AC2 /* Frameworks */ = {
			isa = PBXFrameworksBuildPhase;
			buildActionMask = 2147483647;
			files = (
				9E6DE52318E614B700E27AC2 /* XCTest.framework in Frameworks */,
				9E6DE52518E614B700E27AC2 /* UIKit.framework in Frameworks */,
				9E6DE52418E614B700E27AC2 /* Foundation.framework in Frameworks */,
			);
			runOnlyForDeploymentPostprocessing = 0;
		};
/* End PBXFrameworksBuildPhase section */

/* Begin PBXGroup section */
		9E2CA14818FB14A3009B5991 /* Views */ = {
			isa = PBXGroup;
			children = (
				9E2CA14518FB1191009B5991 /* MURBlurView.h */,
				9E2CA14618FB1191009B5991 /* MURBlurView.m */,
			);
			name = Views;
			sourceTree = "<group>";
		};
		9E2CA14918FB14C3009B5991 /* Classes */ = {
			isa = PBXGroup;
			children = (
				9E6DE51818E614B700E27AC2 /* MURAppDelegate.h */,
				9E6DE51918E614B700E27AC2 /* MURAppDelegate.m */,
				9EFA649618E6180300B9A095 /* MURTheme.h */,
				9EFA649718E6180300B9A095 /* MURTheme.m */,
				9E34BEA31900538A004F46A1 /* MURUser.h */,
				9E34BEA41900538A004F46A1 /* MURUser.m */,
				9E6602D31901CC0B00299A8E /* MURPlace.h */,
				9E6602D41901CC0B00299A8E /* MURPlace.m */,
			);
			name = Classes;
			sourceTree = "<group>";
		};
		9E2CA14A18FB14D2009B5991 /* BarButtonItems */ = {
			isa = PBXGroup;
			children = (
				9EFA649918E61B2200B9A095 /* MURBarSwitcherItem.h */,
				9EFA649A18E61B2200B9A095 /* MURBarSwitcherItem.m */,
				9E4C69A118F8494100359C18 /* MURSwitcherButton.h */,
				9E4C69A218F8494100359C18 /* MURSwitcherButton.m */,
				9E2CA13D18FB0A1A009B5991 /* MURCheckinButtonItem.h */,
				9E2CA13E18FB0A1A009B5991 /* MURCheckinButtonItem.m */,
			);
			name = BarButtonItems;
			sourceTree = "<group>";
		};
		9E34BEAA19005DCB004F46A1 /* Avatars */ = {
			isa = PBXGroup;
			children = (
				9E6602DF1901D71A00299A8E /* Commons@2x.png */,
				9E9F3CE41906BA1C002B80E0 /* Connections@2x.png */,
				9E6602E01901D71A00299A8E /* Danforth@2x.png */,
				9E34BEAB19005DCB004F46A1 /* David@2x.png */,
				9E6602E11901D71A00299A8E /* Douglass@2x.png */,
				9E34BEAC19005DCB004F46A1 /* Erin@2x.png */,
				9E34BEAD19005DCB004F46A1 /* Jessica@2x.png */,
				9E5EB71A190604FE009691A0 /* Joel@2x.png */,
				9E34BEAE19005DCB004F46A1 /* Julian@2x.png */,
				9E34BEAF19005DCB004F46A1 /* Louise@2x.png */,
				9E34BEB019005DCB004F46A1 /* Maggie@2x.png */,
				9E9F3CE71906BA21002B80E0 /* Meliora@2x.png */,
				9E9F3CE61906BA21002B80E0 /* Pura Vida@2x.png */,
				9E34BEB719006328004F46A1 /* Regina@2x.png */,
				9E6602E21901D71A00299A8E /* Starbucks@2x.png */,
			);
			path = Avatars;
			sourceTree = "<group>";
		};
		9E4C69AA18F8517100359C18 /* ViewControllers */ = {
			isa = PBXGroup;
			children = (
				9EFA649018E6174300B9A095 /* MURNavigationController.h */,
				9EFA649118E6174300B9A095 /* MURNavigationController.m */,
				9E2CA14B18FB158C009B5991 /* MURTableViewController.h */,
				9E2CA14C18FB158C009B5991 /* MURTableViewController.m */,
				9EC81F341905D9720016B822 /* MURFirstRunViewController.h */,
				9EC81F351905D9720016B822 /* MURFirstRunViewController.m */,
				9EFA649318E617E200B9A095 /* MURProfileViewController.h */,
				9EFA649418E617E200B9A095 /* MURProfileViewController.m */,
				9E9D9C5A18EF611900E3713F /* MURDiningViewController.h */,
				9E9D9C5B18EF611900E3713F /* MURDiningViewController.m */,
				9E9F3CF01906C37F002B80E0 /* MURPlaceViewController.h */,
				9E9F3CF11906C37F002B80E0 /* MURPlaceViewController.m */,
				9E4C69A418F8501700359C18 /* MURSocialViewController.h */,
				9E4C69A518F8501700359C18 /* MURSocialViewController.m */,
				9E4C69A718F8505C00359C18 /* MURSettingsViewController.h */,
				9E4C69A818F8505C00359C18 /* MURSettingsViewController.m */,
			);
			name = ViewControllers;
			sourceTree = "<group>";
		};
		9E6602BD1901C32900299A8E /* Switcher */ = {
			isa = PBXGroup;
			children = (
				9E6602BE1901C32900299A8E /* CheckIn@2x.png */,
				9E6602BF1901C32900299A8E /* Dining@2x.png */,
				9E6602C01901C32900299A8E /* Logo@2x.png */,
				9E6602C11901C32900299A8E /* Menu@2x.png */,
				9E6602C21901C32900299A8E /* Profile@2x.png */,
				9E6602C31901C32900299A8E /* Settings@2x.png */,
				9E6602C41901C32900299A8E /* Social@2x.png */,
			);
			path = Switcher;
			sourceTree = "<group>";
		};
		9E6602CC1901C32D00299A8E /* Users */ = {
			isa = PBXGroup;
			children = (
				9E6602CD1901C32D00299A8E /* David.txt */,
				9E6602CE1901C32D00299A8E /* Erin.txt */,
				9E6602CF1901C32D00299A8E /* Regina.txt */,
				9E6602E81901DD8200299A8E /* Jessica.txt */,
				9E6602E91901DD8200299A8E /* Joel.txt */,
			);
			path = Users;
			sourceTree = "<group>";
		};
		9E6602D61901D70F00299A8E /* Places */ = {
			isa = PBXGroup;
			children = (
				9E6602D71901D70F00299A8E /* Commons.txt */,
				9E9F3CDE1906BA0A002B80E0 /* Connections.txt */,
				9E6602D81901D70F00299A8E /* Danforth.txt */,
				9E6602D91901D70F00299A8E /* Douglass.txt */,
				9E9F3CE01906BA0F002B80E0 /* Meliora.txt */,
				9E9F3CE21906BA12002B80E0 /* Pura Vida.txt */,
				9E6602DA1901D70F00299A8E /* Starbucks.txt */,
			);
			path = Places;
			sourceTree = "<group>";
		};
		9E6DE4FD18E614B700E27AC2 = {
			isa = PBXGroup;
			children = (
				9E6DE50F18E614B700E27AC2 /* PlaceMat */,
				9E6DE52818E614B700E27AC2 /* PlaceMatTests */,
				9E6DE50818E614B700E27AC2 /* Frameworks */,
				9E6DE50718E614B700E27AC2 /* Products */,
			);
			sourceTree = "<group>";
		};
		9E6DE50718E614B700E27AC2 /* Products */ = {
			isa = PBXGroup;
			children = (
				9E6DE50618E614B700E27AC2 /* PlaceMat.app */,
				9E6DE52118E614B700E27AC2 /* PlaceMatTests.xctest */,
			);
			name = Products;
			sourceTree = "<group>";
		};
		9E6DE50818E614B700E27AC2 /* Frameworks */ = {
			isa = PBXGroup;
			children = (
				9E6DE50918E614B700E27AC2 /* Foundation.framework */,
				9E6DE50B18E614B700E27AC2 /* CoreGraphics.framework */,
				9E6DE50D18E614B700E27AC2 /* UIKit.framework */,
				9E6DE52218E614B700E27AC2 /* XCTest.framework */,
			);
			name = Frameworks;
			sourceTree = "<group>";
		};
		9E6DE50F18E614B700E27AC2 /* PlaceMat */ = {
			isa = PBXGroup;
			children = (
				9EAE246A18F853B5009A566A /* Assets */,
				9E2CA14918FB14C3009B5991 /* Classes */,
				9E4C69AA18F8517100359C18 /* ViewControllers */,
				9E2CA14818FB14A3009B5991 /* Views */,
				9E2CA14A18FB14D2009B5991 /* BarButtonItems */,
				9EFA64A518E61E7100B9A095 /* Images.xcassets */,
				9E6DE51018E614B700E27AC2 /* Supporting Files */,
			);
			path = PlaceMat;
			sourceTree = "<group>";
		};
		9E6DE51018E614B700E27AC2 /* Supporting Files */ = {
			isa = PBXGroup;
			children = (
				9E6DE51118E614B700E27AC2 /* PlaceMat-Info.plist */,
				9E6DE51218E614B700E27AC2 /* InfoPlist.strings */,
				9E6DE51518E614B700E27AC2 /* main.m */,
				9E6DE51718E614B700E27AC2 /* PlaceMat-Prefix.pch */,
			);
			name = "Supporting Files";
			sourceTree = "<group>";
		};
		9E6DE52818E614B700E27AC2 /* PlaceMatTests */ = {
			isa = PBXGroup;
			children = (
				9E6DE52E18E614B700E27AC2 /* PlaceMatTests.m */,
				9E6DE52918E614B700E27AC2 /* Supporting Files */,
			);
			path = PlaceMatTests;
			sourceTree = "<group>";
		};
		9E6DE52918E614B700E27AC2 /* Supporting Files */ = {
			isa = PBXGroup;
			children = (
				9E6DE52A18E614B700E27AC2 /* PlaceMatTests-Info.plist */,
				9E6DE52B18E614B700E27AC2 /* InfoPlist.strings */,
			);
			name = "Supporting Files";
			sourceTree = "<group>";
		};
		9E9E14831906F85B00403B9A /* Douglass Images */ = {
			isa = PBXGroup;
			children = (
				9E9E14841906F85B00403B9A /* Cheeseburger Pie.png */,
				9E9E14861906F85B00403B9A /* Loaded Potato Soup.png */,
				9E9E14871906F85B00403B9A /* Quinoa and Red Pepper Slider.png */,
				9E9E14881906F85B00403B9A /* Seasoned Roast Beef.png */,
				9E9E14891906F85B00403B9A /* Tofu and Veggie Teriyaki.png */,
			);
			path = "Douglass Images";
			sourceTree = "<group>";
		};
		9E9F3CF31906C76B002B80E0 /* Thumbnails */ = {
			isa = PBXGroup;
			children = (
				9E9E14831906F85B00403B9A /* Douglass Images */,
				9E9F3CF41906C76B002B80E0 /* Commons Images */,
				9E9F3CFA1906C76B002B80E0 /* Connections Images */,
				9E9F3D001906C76B002B80E0 /* Danforth Images */,
				9E9F3D061906C76B002B80E0 /* Meliora Images */,
				9E9F3D0C1906C76B002B80E0 /* Pura Vida Images */,
				9E9F3D121906C76B002B80E0 /* Starbucks Images */,
			);
			path = Thumbnails;
			sourceTree = "<group>";
		};
		9E9F3CF41906C76B002B80E0 /* Commons Images */ = {
			isa = PBXGroup;
			children = (
				9E9F3CF51906C76B002B80E0 /* Cheese Pizza.png */,
				9E9F3CF61906C76B002B80E0 /* Greek Chicken Pita.png */,
				9E9F3CF71906C76B002B80E0 /* Hot Dog.png */,
				9E9F3CF81906C76B002B80E0 /* Pepperoni Pizza.png */,
				9E9F3CF91906C76B002B80E0 /* Philly Cheesesteak.png */,
			);
			path = "Commons Images";
			sourceTree = "<group>";
		};
		9E9F3CFA1906C76B002B80E0 /* Connections Images */ = {
			isa = PBXGroup;
			children = (
				9E9F3CFB1906C76B002B80E0 /* Beef Barley Soup.png */,
				9E9F3CFC1906C76B002B80E0 /* Cheddar Scallion Bagel.png */,
				9E9F3CFD1906C76B002B80E0 /* Chocolate Chunk Scone.png */,
				9E9F3CFE1906C76B002B80E0 /* Hot Cocoa.png */,
				9E9F3CFF1906C76B002B80E0 /* Strawberry Smoothie.png */,
			);
			path = "Connections Images";
			sourceTree = "<group>";
		};
		9E9F3D001906C76B002B80E0 /* Danforth Images */ = {
			isa = PBXGroup;
			children = (
				9E9F3D011906C76B002B80E0 /* California Turkey Sandwich.png */,
				9E9F3D021906C76B002B80E0 /* Chicken Quesadillas.png */,
				9E9F3D031906C76B002B80E0 /* Egg Salsa Burrito.png */,
				9E9F3D041906C76B002B80E0 /* Southwest Sweet Potatoes.png */,
				9E9F3D051906C76B002B80E0 /* Vegetarian Parmesan Wheat Pita.png */,
			);
			path = "Danforth Images";
			sourceTree = "<group>";
		};
		9E9F3D061906C76B002B80E0 /* Meliora Images */ = {
			isa = PBXGroup;
			children = (
				9E9F3D071906C76B002B80E0 /* Italian Sausage.png */,
				9E9F3D081906C76B002B80E0 /* Mel Burger.png */,
				9E9F3D091906C76B002B80E0 /* Meliora Veggie Burger.png */,
				9E9F3D0A1906C76B002B80E0 /* Poutine.png */,
				9E9F3D0B1906C76B002B80E0 /* Toasted Cheese & Tomato.png */,
			);
			path = "Meliora Images";
			sourceTree = "<group>";
		};
		9E9F3D0C1906C76B002B80E0 /* Pura Vida Images */ = {
			isa = PBXGroup;
			children = (
				9E9F3D0D1906C76B002B80E0 /* Blueberry Cheese Croissant.png */,
				9E9F3D0E1906C76B002B80E0 /* Blueberry Scone.png */,
				9E9F3D0F1906C76B002B80E0 /* Bold Roast Coffee.png */,
				9E9F3D101906C76B002B80E0 /* Egg & Cheese Muffin.png */,
				9E9F3D111906C76B002B80E0 /* Homestyle M&M Cookie.png */,
			);
			path = "Pura Vida Images";
			sourceTree = "<group>";
		};
		9E9F3D121906C76B002B80E0 /* Starbucks Images */ = {
			isa = PBXGroup;
			children = (
				9E9F3D131906C76B002B80E0 /* Caramel Macchiato.png */,
				9E9F3D141906C76B002B80E0 /* Cheesecake Brownie.png */,
				9E9F3D151906C76B002B80E0 /* Chocolate Marble Cake.png */,
				9E9F3D161906C76B002B80E0 /* Green Tea Latte.png */,
				9E9F3D171906C76B002B80E0 /* Ham & Swiss Panini.png */,
			);
			path = "Starbucks Images";
			sourceTree = "<group>";
		};
		9EAE246A18F853B5009A566A /* Assets */ = {
			isa = PBXGroup;
			children = (
				9E9E1490190724FF00403B9A /* Nutrition@2x.png */,
				9E9F3CF31906C76B002B80E0 /* Thumbnails */,
				9E6602D61901D70F00299A8E /* Places */,
				9E6602CC1901C32D00299A8E /* Users */,
				9E6602BD1901C32900299A8E /* Switcher */,
				9E34BEAA19005DCB004F46A1 /* Avatars */,
			);
			path = Assets;
			sourceTree = "<group>";
		};
/* End PBXGroup section */

/* Begin PBXNativeTarget section */
		9E6DE50518E614B700E27AC2 /* PlaceMat */ = {
			isa = PBXNativeTarget;
			buildConfigurationList = 9E6DE53218E614B700E27AC2 /* Build configuration list for PBXNativeTarget "PlaceMat" */;
			buildPhases = (
				9E6DE50218E614B700E27AC2 /* Sources */,
				9E6DE50318E614B700E27AC2 /* Frameworks */,
				9E6DE50418E614B700E27AC2 /* Resources */,
			);
			buildRules = (
			);
			dependencies = (
			);
			name = PlaceMat;
			productName = PlaceMat;
			productReference = 9E6DE50618E614B700E27AC2 /* PlaceMat.app */;
			productType = "com.apple.product-type.application";
		};
		9E6DE52018E614B700E27AC2 /* PlaceMatTests */ = {
			isa = PBXNativeTarget;
			buildConfigurationList = 9E6DE53518E614B700E27AC2 /* Build configuration list for PBXNativeTarget "PlaceMatTests" */;
			buildPhases = (
				9E6DE51D18E614B700E27AC2 /* Sources */,
				9E6DE51E18E614B700E27AC2 /* Frameworks */,
				9E6DE51F18E614B700E27AC2 /* Resources */,
			);
			buildRules = (
			);
			dependencies = (
				9E6DE52718E614B700E27AC2 /* PBXTargetDependency */,
			);
			name = PlaceMatTests;
			productName = PlaceMatTests;
			productReference = 9E6DE52118E614B700E27AC2 /* PlaceMatTests.xctest */;
			productType = "com.apple.product-type.bundle.unit-test";
		};
/* End PBXNativeTarget section */

/* Begin PBXProject section */
		9E6DE4FE18E614B700E27AC2 /* Project object */ = {
			isa = PBXProject;
			attributes = {
				CLASSPREFIX = MUR;
				LastUpgradeCheck = 0510;
				ORGANIZATIONNAME = MonicUR;
				TargetAttributes = {
					9E6DE50518E614B700E27AC2 = {
						DevelopmentTeam = 24X8MVUSCN;
					};
					9E6DE52018E614B700E27AC2 = {
						TestTargetID = 9E6DE50518E614B700E27AC2;
					};
				};
			};
			buildConfigurationList = 9E6DE50118E614B700E27AC2 /* Build configuration list for PBXProject "PlaceMat" */;
			compatibilityVersion = "Xcode 3.2";
			developmentRegion = English;
			hasScannedForEncodings = 0;
			knownRegions = (
				en,
			);
			mainGroup = 9E6DE4FD18E614B700E27AC2;
			productRefGroup = 9E6DE50718E614B700E27AC2 /* Products */;
			projectDirPath = "";
			projectRoot = "";
			targets = (
				9E6DE50518E614B700E27AC2 /* PlaceMat */,
				9E6DE52018E614B700E27AC2 /* PlaceMatTests */,
			);
		};
/* End PBXProject section */

/* Begin PBXResourcesBuildPhase section */
		9E6DE50418E614B700E27AC2 /* Resources */ = {
			isa = PBXResourcesBuildPhase;
			buildActionMask = 2147483647;
			files = (
				9E6602E51901D71A00299A8E /* Douglass@2x.png in Resources */,
				9E9E148F1906F85B00403B9A /* Tofu and Veggie Teriyaki.png in Resources */,
				9E34BEB219005DCB004F46A1 /* Erin@2x.png in Resources */,
				9E9F3CE11906BA0F002B80E0 /* Meliora.txt in Resources */,
				9E9F3D281906C76B002B80E0 /* Mel Burger.png in Resources */,
				9E6602C51901C32900299A8E /* CheckIn@2x.png in Resources */,
				9E5EB71B190604FE009691A0 /* Joel@2x.png in Resources */,
				9E9F3D221906C76B002B80E0 /* California Turkey Sandwich.png in Resources */,
				9E9F3D2E1906C76B002B80E0 /* Bold Roast Coffee.png in Resources */,
				9E9F3D241906C76B002B80E0 /* Egg Salsa Burrito.png in Resources */,
				9E6602DC1901D70F00299A8E /* Danforth.txt in Resources */,
				9E9F3D261906C76B002B80E0 /* Vegetarian Parmesan Wheat Pita.png in Resources */,
				9E9F3D341906C76B002B80E0 /* Green Tea Latte.png in Resources */,
				9E9F3D1B1906C76B002B80E0 /* Pepperoni Pizza.png in Resources */,
				9E9F3D2A1906C76B002B80E0 /* Poutine.png in Resources */,
				9E9F3D1F1906C76B002B80E0 /* Chocolate Chunk Scone.png in Resources */,
				9E9F3CE81906BA21002B80E0 /* Pura Vida@2x.png in Resources */,
				9E34BEB519005DCB004F46A1 /* Louise@2x.png in Resources */,
				9E9F3CE91906BA21002B80E0 /* Meliora@2x.png in Resources */,
				9E6602C71901C32900299A8E /* Logo@2x.png in Resources */,
				9E9F3D1D1906C76B002B80E0 /* Beef Barley Soup.png in Resources */,
				9E9E148A1906F85B00403B9A /* Cheeseburger Pie.png in Resources */,
				9E6602E41901D71A00299A8E /* Danforth@2x.png in Resources */,
				9E34BEB619005DCB004F46A1 /* Maggie@2x.png in Resources */,
				9E9F3CDF1906BA0A002B80E0 /* Connections.txt in Resources */,
				9E6602DD1901D70F00299A8E /* Douglass.txt in Resources */,
				9E6602E31901D71A00299A8E /* Commons@2x.png in Resources */,
				9E9F3D181906C76B002B80E0 /* Cheese Pizza.png in Resources */,
				9E6602D01901C32D00299A8E /* David.txt in Resources */,
				9E6602DE1901D70F00299A8E /* Starbucks.txt in Resources */,
				9E6602EB1901DD8200299A8E /* Jessica.txt in Resources */,
				9E9F3D231906C76B002B80E0 /* Chicken Quesadillas.png in Resources */,
				9E6602C81901C32900299A8E /* Menu@2x.png in Resources */,
				9E6DE51418E614B700E27AC2 /* InfoPlist.strings in Resources */,
				9EFA64A618E61E7100B9A095 /* Images.xcassets in Resources */,
				9E9F3D271906C76B002B80E0 /* Italian Sausage.png in Resources */,
				9E6602DB1901D70F00299A8E /* Commons.txt in Resources */,
				9E9E148E1906F85B00403B9A /* Seasoned Roast Beef.png in Resources */,
				9E9F3D2F1906C76B002B80E0 /* Egg & Cheese Muffin.png in Resources */,
				9E9F3D321906C76B002B80E0 /* Cheesecake Brownie.png in Resources */,
				9E34BEB319005DCB004F46A1 /* Jessica@2x.png in Resources */,
				9E9F3D331906C76B002B80E0 /* Chocolate Marble Cake.png in Resources */,
				9E9F3D251906C76B002B80E0 /* Southwest Sweet Potatoes.png in Resources */,
				9E9F3D2C1906C76B002B80E0 /* Blueberry Cheese Croissant.png in Resources */,
				9E9F3D2D1906C76B002B80E0 /* Blueberry Scone.png in Resources */,
				9E6602D11901C32D00299A8E /* Erin.txt in Resources */,
				9E9F3D1C1906C76B002B80E0 /* Philly Cheesesteak.png in Resources */,
				9E9F3CE51906BA1C002B80E0 /* Connections@2x.png in Resources */,
				9E9F3D311906C76B002B80E0 /* Caramel Macchiato.png in Resources */,
				9E9E1491190724FF00403B9A /* Nutrition@2x.png in Resources */,
				9E6602EC1901DD8200299A8E /* Joel.txt in Resources */,
				9E6602C91901C32900299A8E /* Profile@2x.png in Resources */,
				9E9F3D301906C76B002B80E0 /* Homestyle M&M Cookie.png in Resources */,
				9E34BEB119005DCB004F46A1 /* David@2x.png in Resources */,
				9E9F3D1E1906C76B002B80E0 /* Cheddar Scallion Bagel.png in Resources */,
				9E34BEB819006328004F46A1 /* Regina@2x.png in Resources */,
				9E34BEB419005DCB004F46A1 /* Julian@2x.png in Resources */,
				9E6602CA1901C32900299A8E /* Settings@2x.png in Resources */,
				9E9F3D191906C76B002B80E0 /* Greek Chicken Pita.png in Resources */,
				9E9F3D201906C76B002B80E0 /* Hot Cocoa.png in Resources */,
				9E9F3D211906C76B002B80E0 /* Strawberry Smoothie.png in Resources */,
				9E6602E61901D71A00299A8E /* Starbucks@2x.png in Resources */,
				9E9E148D1906F85B00403B9A /* Quinoa and Red Pepper Slider.png in Resources */,
				9E9F3D1A1906C76B002B80E0 /* Hot Dog.png in Resources */,
				9E9F3D2B1906C76B002B80E0 /* Toasted Cheese & Tomato.png in Resources */,
				9E9F3D291906C76B002B80E0 /* Meliora Veggie Burger.png in Resources */,
				9E9E148C1906F85B00403B9A /* Loaded Potato Soup.png in Resources */,
				9E6602C61901C32900299A8E /* Dining@2x.png in Resources */,
				9E9F3D351906C76B002B80E0 /* Ham & Swiss Panini.png in Resources */,
				9E9F3CE31906BA12002B80E0 /* Pura Vida.txt in Resources */,
				9E6602D21901C32D00299A8E /* Regina.txt in Resources */,
				9E6602CB1901C32900299A8E /* Social@2x.png in Resources */,
			);
			runOnlyForDeploymentPostprocessing = 0;
		};
		9E6DE51F18E614B700E27AC2 /* Resources */ = {
			isa = PBXResourcesBuildPhase;
			buildActionMask = 2147483647;
			files = (
				9E6DE52D18E614B700E27AC2 /* InfoPlist.strings in Resources */,
			);
			runOnlyForDeploymentPostprocessing = 0;
		};
/* End PBXResourcesBuildPhase section */

/* Begin PBXSourcesBuildPhase section */
		9E6DE50218E614B700E27AC2 /* Sources */ = {
			isa = PBXSourcesBuildPhase;
			buildActionMask = 2147483647;
			files = (
				9E6DE51618E614B700E27AC2 /* main.m in Sources */,
				9E9F3CF21906C37F002B80E0 /* MURPlaceViewController.m in Sources */,
				9E34BEA51900538A004F46A1 /* MURUser.m in Sources */,
				9E6602D51901CC0B00299A8E /* MURPlace.m in Sources */,
				9EFA649518E617E200B9A095 /* MURProfileViewController.m in Sources */,
				9EFA649B18E61B2200B9A095 /* MURBarSwitcherItem.m in Sources */,
				9E9D9C5C18EF611900E3713F /* MURDiningViewController.m in Sources */,
				9EC81F361905D9720016B822 /* MURFirstRunViewController.m in Sources */,
				9E4C69A618F8501700359C18 /* MURSocialViewController.m in Sources */,
				9EFA649818E6180300B9A095 /* MURTheme.m in Sources */,
				9EFA649218E6174300B9A095 /* MURNavigationController.m in Sources */,
				9E2CA13F18FB0A1A009B5991 /* MURCheckinButtonItem.m in Sources */,
				9E2CA14718FB1191009B5991 /* MURBlurView.m in Sources */,
				9E6DE51A18E614B700E27AC2 /* MURAppDelegate.m in Sources */,
				9E4C69A918F8505C00359C18 /* MURSettingsViewController.m in Sources */,
				9E2CA14D18FB158C009B5991 /* MURTableViewController.m in Sources */,
				9E4C69A318F8494100359C18 /* MURSwitcherButton.m in Sources */,
			);
			runOnlyForDeploymentPostprocessing = 0;
		};
		9E6DE51D18E614B700E27AC2 /* Sources */ = {
			isa = PBXSourcesBuildPhase;
			buildActionMask = 2147483647;
			files = (
				9E6DE52F18E614B700E27AC2 /* PlaceMatTests.m in Sources */,
			);
			runOnlyForDeploymentPostprocessing = 0;
		};
/* End PBXSourcesBuildPhase section */

/* Begin PBXTargetDependency section */
		9E6DE52718E614B700E27AC2 /* PBXTargetDependency */ = {
			isa = PBXTargetDependency;
			target = 9E6DE50518E614B700E27AC2 /* PlaceMat */;
			targetProxy = 9E6DE52618E614B700E27AC2 /* PBXContainerItemProxy */;
		};
/* End PBXTargetDependency section */

/* Begin PBXVariantGroup section */
		9E6DE51218E614B700E27AC2 /* InfoPlist.strings */ = {
			isa = PBXVariantGroup;
			children = (
				9E6DE51318E614B700E27AC2 /* en */,
			);
			name = InfoPlist.strings;
			sourceTree = "<group>";
		};
		9E6DE52B18E614B700E27AC2 /* InfoPlist.strings */ = {
			isa = PBXVariantGroup;
			children = (
				9E6DE52C18E614B700E27AC2 /* en */,
			);
			name = InfoPlist.strings;
			sourceTree = "<group>";
		};
/* End PBXVariantGroup section */

/* Begin XCBuildConfiguration section */
		9E6DE53018E614B700E27AC2 /* Debug */ = {
			isa = XCBuildConfiguration;
			buildSettings = {
				ALWAYS_SEARCH_USER_PATHS = NO;
				CLANG_CXX_LANGUAGE_STANDARD = "gnu++0x";
				CLANG_CXX_LIBRARY = "libc++";
				CLANG_ENABLE_MODULES = YES;
				CLANG_ENABLE_OBJC_ARC = YES;
				CLANG_WARN_BOOL_CONVERSION = YES;
				CLANG_WARN_CONSTANT_CONVERSION = YES;
				CLANG_WARN_DIRECT_OBJC_ISA_USAGE = YES_ERROR;
				CLANG_WARN_EMPTY_BODY = YES;
				CLANG_WARN_ENUM_CONVERSION = YES;
				CLANG_WARN_INT_CONVERSION = YES;
				CLANG_WARN_OBJC_ROOT_CLASS = YES_ERROR;
				CLANG_WARN__DUPLICATE_METHOD_MATCH = YES;
				"CODE_SIGN_IDENTITY[sdk=iphoneos*]" = "iPhone Developer";
				COPY_PHASE_STRIP = NO;
				GCC_C_LANGUAGE_STANDARD = gnu99;
				GCC_DYNAMIC_NO_PIC = NO;
				GCC_OPTIMIZATION_LEVEL = 0;
				GCC_PREPROCESSOR_DEFINITIONS = (
					"DEBUG=1",
					"$(inherited)",
				);
				GCC_SYMBOLS_PRIVATE_EXTERN = NO;
				GCC_WARN_64_TO_32_BIT_CONVERSION = YES;
				GCC_WARN_ABOUT_RETURN_TYPE = YES_ERROR;
				GCC_WARN_UNDECLARED_SELECTOR = YES;
				GCC_WARN_UNINITIALIZED_AUTOS = YES_AGGRESSIVE;
				GCC_WARN_UNUSED_FUNCTION = YES;
				GCC_WARN_UNUSED_VARIABLE = YES;
				IPHONEOS_DEPLOYMENT_TARGET = 7.1;
				ONLY_ACTIVE_ARCH = YES;
				SDKROOT = iphoneos;
				TARGETED_DEVICE_FAMILY = "1,2";
			};
			name = Debug;
		};
		9E6DE53118E614B700E27AC2 /* Release */ = {
			isa = XCBuildConfiguration;
			buildSettings = {
				ALWAYS_SEARCH_USER_PATHS = NO;
				CLANG_CXX_LANGUAGE_STANDARD = "gnu++0x";
				CLANG_CXX_LIBRARY = "libc++";
				CLANG_ENABLE_MODULES = YES;
				CLANG_ENABLE_OBJC_ARC = YES;
				CLANG_WARN_BOOL_CONVERSION = YES;
				CLANG_WARN_CONSTANT_CONVERSION = YES;
				CLANG_WARN_DIRECT_OBJC_ISA_USAGE = YES_ERROR;
				CLANG_WARN_EMPTY_BODY = YES;
				CLANG_WARN_ENUM_CONVERSION = YES;
				CLANG_WARN_INT_CONVERSION = YES;
				CLANG_WARN_OBJC_ROOT_CLASS = YES_ERROR;
				CLANG_WARN__DUPLICATE_METHOD_MATCH = YES;
				"CODE_SIGN_IDENTITY[sdk=iphoneos*]" = "iPhone Developer";
				COPY_PHASE_STRIP = YES;
				ENABLE_NS_ASSERTIONS = NO;
				GCC_C_LANGUAGE_STANDARD = gnu99;
				GCC_WARN_64_TO_32_BIT_CONVERSION = YES;
				GCC_WARN_ABOUT_RETURN_TYPE = YES_ERROR;
				GCC_WARN_UNDECLARED_SELECTOR = YES;
				GCC_WARN_UNINITIALIZED_AUTOS = YES_AGGRESSIVE;
				GCC_WARN_UNUSED_FUNCTION = YES;
				GCC_WARN_UNUSED_VARIABLE = YES;
				IPHONEOS_DEPLOYMENT_TARGET = 7.1;
				SDKROOT = iphoneos;
				TARGETED_DEVICE_FAMILY = "1,2";
				VALIDATE_PRODUCT = YES;
			};
			name = Release;
		};
		9E6DE53318E614B700E27AC2 /* Debug */ = {
			isa = XCBuildConfiguration;
			buildSettings = {
				ASSETCATALOG_COMPILER_APPICON_NAME = AppIcon;
				ASSETCATALOG_COMPILER_LAUNCHIMAGE_NAME = LaunchImage;
				CODE_SIGN_IDENTITY = "";
				"CODE_SIGN_IDENTITY[sdk=iphoneos*]" = "";
				GCC_PRECOMPILE_PREFIX_HEADER = YES;
				GCC_PREFIX_HEADER = "PlaceMat/PlaceMat-Prefix.pch";
				INFOPLIST_FILE = "PlaceMat/PlaceMat-Info.plist";
				IPHONEOS_DEPLOYMENT_TARGET = 7.0;
				PRODUCT_NAME = "$(TARGET_NAME)";
				PROVISIONING_PROFILE = "9BAB6E58-7512-4F03-AB81-C30457BD0702";
				SDKROOT = iphoneos;
				WRAPPER_EXTENSION = app;
			};
			name = Debug;
		};
		9E6DE53418E614B700E27AC2 /* Release */ = {
			isa = XCBuildConfiguration;
			buildSettings = {
				ASSETCATALOG_COMPILER_APPICON_NAME = AppIcon;
				ASSETCATALOG_COMPILER_LAUNCHIMAGE_NAME = LaunchImage;
				CODE_SIGN_IDENTITY = "";
				"CODE_SIGN_IDENTITY[sdk=iphoneos*]" = "";
				GCC_PRECOMPILE_PREFIX_HEADER = YES;
				GCC_PREFIX_HEADER = "PlaceMat/PlaceMat-Prefix.pch";
				INFOPLIST_FILE = "PlaceMat/PlaceMat-Info.plist";
				IPHONEOS_DEPLOYMENT_TARGET = 7.0;
				PRODUCT_NAME = "$(TARGET_NAME)";
				PROVISIONING_PROFILE = "9BAB6E58-7512-4F03-AB81-C30457BD0702";
				SDKROOT = iphoneos;
				WRAPPER_EXTENSION = app;
			};
			name = Release;
		};
		9E6DE53618E614B700E27AC2 /* Debug */ = {
			isa = XCBuildConfiguration;
			buildSettings = {
				BUNDLE_LOADER = "$(BUILT_PRODUCTS_DIR)/PlaceMat.app/PlaceMat";
				FRAMEWORK_SEARCH_PATHS = (
					"$(SDKROOT)/Developer/Library/Frameworks",
					"$(inherited)",
					"$(DEVELOPER_FRAMEWORKS_DIR)",
				);
				GCC_PRECOMPILE_PREFIX_HEADER = YES;
				GCC_PREFIX_HEADER = "PlaceMat/PlaceMat-Prefix.pch";
				GCC_PREPROCESSOR_DEFINITIONS = (
					"DEBUG=1",
					"$(inherited)",
				);
				INFOPLIST_FILE = "PlaceMatTests/PlaceMatTests-Info.plist";
				PRODUCT_NAME = "$(TARGET_NAME)";
				TEST_HOST = "$(BUNDLE_LOADER)";
				WRAPPER_EXTENSION = xctest;
			};
			name = Debug;
		};
		9E6DE53718E614B700E27AC2 /* Release */ = {
			isa = XCBuildConfiguration;
			buildSettings = {
				BUNDLE_LOADER = "$(BUILT_PRODUCTS_DIR)/PlaceMat.app/PlaceMat";
				FRAMEWORK_SEARCH_PATHS = (
					"$(SDKROOT)/Developer/Library/Frameworks",
					"$(inherited)",
					"$(DEVELOPER_FRAMEWORKS_DIR)",
				);
				GCC_PRECOMPILE_PREFIX_HEADER = YES;
				GCC_PREFIX_HEADER = "PlaceMat/PlaceMat-Prefix.pch";
				INFOPLIST_FILE = "PlaceMatTests/PlaceMatTests-Info.plist";
				PRODUCT_NAME = "$(TARGET_NAME)";
				TEST_HOST = "$(BUNDLE_LOADER)";
				WRAPPER_EXTENSION = xctest;
			};
			name = Release;
		};
/* End XCBuildConfiguration section */

/* Begin XCConfigurationList section */
		9E6DE50118E614B700E27AC2 /* Build configuration list for PBXProject "PlaceMat" */ = {
			isa = XCConfigurationList;
			buildConfigurations = (
				9E6DE53018E614B700E27AC2 /* Debug */,
				9E6DE53118E614B700E27AC2 /* Release */,
			);
			defaultConfigurationIsVisible = 0;
			defaultConfigurationName = Release;
		};
		9E6DE53218E614B700E27AC2 /* Build configuration list for PBXNativeTarget "PlaceMat" */ = {
			isa = XCConfigurationList;
			buildConfigurations = (
				9E6DE53318E614B700E27AC2 /* Debug */,
				9E6DE53418E614B700E27AC2 /* Release */,
			);
			defaultConfigurationIsVisible = 0;
			defaultConfigurationName = Release;
		};
		9E6DE53518E614B700E27AC2 /* Build configuration list for PBXNativeTarget "PlaceMatTests" */ = {
			isa = XCConfigurationList;
			buildConfigurations = (
				9E6DE53618E614B700E27AC2 /* Debug */,
				9E6DE53718E614B700E27AC2 /* Release */,
			);
			defaultConfigurationIsVisible = 0;
			defaultConfigurationName = Release;
		};
/* End XCConfigurationList section */
	};
	rootObject = 9E6DE4FE18E614B700E27AC2 /* Project object */;
}
